Microsoft Visual Studio Solution File, Format Version 12.00
# Visual Studio Version 17
VisualStudioVersion = 17.14.36408.4
MinimumVisualStudioVersion = 10.0.40219.1
Project("{FAE04EC0-301F-11D3-BF4B-00C04F79EFBC}") = "EventHubs.AppHost", "AspireMassTransitRider.AppHost\EventHubs.AppHost.csproj", "{835CB2F1-FD60-4033-9E9A-EB6004A20D93}"
EndProject
Project("{FAE04EC0-301F-11D3-BF4B-00C04F79EFBC}") = "EventHubs.ServiceDefaults", "AspireMassTransitRider.ServiceDefaults\EventHubs.ServiceDefaults.csproj", "{30051F36-E914-6E3E-97B4-578A63DA700D}"
EndProject
Project("{FAE04EC0-301F-11D3-BF4B-00C04F79EFBC}") = "EventHubs.Api", "AspireMassTransitRider.ApiService\EventHubs.Api.csproj", "{B080A6CA-77F1-A4CA-C66B-74F0330F1CFF}"
EndProject
Project("{FAE04EC0-301F-11D3-BF4B-00C04F79EFBC}") = "EventHubs.Consumer", "EventHubs.Consumer\EventHubs.Consumer.csproj", "{06EA610B-63EA-4D05-A63B-A40E8BC767F4}"
EndProject
Global
	GlobalSection(SolutionConfigurationPlatforms) = preSolution
		Debug|Any CPU = Debug|Any CPU
		Release|Any CPU = Release|Any CPU
	EndGlobalSection
	GlobalSection(ProjectConfigurationPlatforms) = postSolution
		{835CB2F1-FD60-4033-9E9A-EB6004A20D93}.Debug|Any CPU.ActiveCfg = Debug|Any CPU
		{835CB2F1-FD60-4033-9E9A-EB6004A20D93}.Debug|Any CPU.Build.0 = Debug|Any CPU
		{835CB2F1-FD60-4033-9E9A-EB6004A20D93}.Release|Any CPU.ActiveCfg = Release|Any CPU
		{835CB2F1-FD60-4033-9E9A-EB6004A20D93}.Release|Any CPU.Build.0 = Release|Any CPU
		{30051F36-E914-6E3E-97B4-578A63DA700D}.Debug|Any CPU.ActiveCfg = Debug|Any CPU
		{30051F36-E914-6E3E-97B4-578A63DA700D}.Debug|Any CPU.Build.0 = Debug|Any CPU
		{30051F36-E914-6E3E-97B4-578A63DA700D}.Release|Any CPU.ActiveCfg = Release|Any CPU
		{30051F36-E914-6E3E-97B4-578A63DA700D}.Release|Any CPU.Build.0 = Release|Any CPU
		{B080A6CA-77F1-A4CA-C66B-74F0330F1CFF}.Debug|Any CPU.ActiveCfg = Debug|Any CPU
		{B080A6CA-77F1-A4CA-C66B-74F0330F1CFF}.Debug|Any CPU.Build.0 = Debug|Any CPU
		{B080A6CA-77F1-A4CA-C66B-74F0330F1CFF}.Release|Any CPU.ActiveCfg = Release|Any CPU
		{B080A6CA-77F1-A4CA-C66B-74F0330F1CFF}.Release|Any CPU.Build.0 = Release|Any CPU
		{06EA610B-63EA-4D05-A63B-A40E8BC767F4}.Debug|Any CPU.ActiveCfg = Debug|Any CPU
		{06EA610B-63EA-4D05-A63B-A40E8BC767F4}.Debug|Any CPU.Build.0 = Debug|Any CPU
		{06EA610B-63EA-4D05-A63B-A40E8BC767F4}.Release|Any CPU.ActiveCfg = Release|Any CPU
		{06EA610B-63EA-4D05-A63B-A40E8BC767F4}.Release|Any CPU.Build.0 = Release|Any CPU
	EndGlobalSection
	GlobalSection(SolutionProperties) = preSolution
		HideSolutionNode = FALSE
	EndGlobalSection
	GlobalSection(ExtensibilityGlobals) = postSolution
		SolutionGuid = {193623DD-3D9F-464E-9A01-DF7903BAC76E}
	EndGlobalSection
EndGlobal
